
Microsoft Visual Studio Solution File, Format Version 12.00
# Visual Studio 15
VisualStudioVersion = 15.0.28307.902
MinimumVisualStudioVersion = 10.0.40219.1
Project("{FAE04EC0-301F-11D3-BF4B-00C04F79EFBC}") = "model", "model\model.csproj", "{E96F8387-F7EB-4D7F-BD2B-E2008FD731F5}"
EndProject
Project("{FAE04EC0-301F-11D3-BF4B-00C04F79EFBC}") = "test", "..\test\test.csproj", "{4D41AA84-3005-45E1-923D-8EF5CF509B2D}"
EndProject
Project("{FAE04EC0-301F-11D3-BF4B-00C04F79EFBC}") = "view", "..\view\view\view.csproj", "{5C8D3627-5B80-42E5-BC7D-812BCD40D449}"
EndProject
Global
	GlobalSection(SolutionConfigurationPlatforms) = preSolution
		Debug|Any CPU = Debug|Any CPU
		Release|Any CPU = Release|Any CPU
	EndGlobalSection
	GlobalSection(ProjectConfigurationPlatforms) = postSolution
		{E96F8387-F7EB-4D7F-BD2B-E2008FD731F5}.Debug|Any CPU.ActiveCfg = Debug|Any CPU
		{E96F8387-F7EB-4D7F-BD2B-E2008FD731F5}.Debug|Any CPU.Build.0 = Debug|Any CPU
		{E96F8387-F7EB-4D7F-BD2B-E2008FD731F5}.Release|Any CPU.ActiveCfg = Release|Any CPU
		{E96F8387-F7EB-4D7F-BD2B-E2008FD731F5}.Release|Any CPU.Build.0 = Release|Any CPU
		{4D41AA84-3005-45E1-923D-8EF5CF509B2D}.Debug|Any CPU.ActiveCfg = Debug|Any CPU
		{4D41AA84-3005-45E1-923D-8EF5CF509B2D}.Debug|Any CPU.Build.0 = Debug|Any CPU
		{4D41AA84-3005-45E1-923D-8EF5CF509B2D}.Release|Any CPU.ActiveCfg = Release|Any CPU
		{4D41AA84-3005-45E1-923D-8EF5CF509B2D}.Release|Any CPU.Build.0 = Release|Any CPU
		{5C8D3627-5B80-42E5-BC7D-812BCD40D449}.Debug|Any CPU.ActiveCfg = Debug|Any CPU
		{5C8D3627-5B80-42E5-BC7D-812BCD40D449}.Debug|Any CPU.Build.0 = Debug|Any CPU
		{5C8D3627-5B80-42E5-BC7D-812BCD40D449}.Release|Any CPU.ActiveCfg = Release|Any CPU
		{5C8D3627-5B80-42E5-BC7D-812BCD40D449}.Release|Any CPU.Build.0 = Release|Any CPU
	EndGlobalSection
	GlobalSection(SolutionProperties) = preSolution
		HideSolutionNode = FALSE
	EndGlobalSection
	GlobalSection(ExtensibilityGlobals) = postSolution
		SolutionGuid = {3EB10F3C-A5AD-4EDA-8F87-0EE95C297AD1}
	EndGlobalSection
EndGlobal
