
Microsoft Visual Studio Solution File, Format Version 12.00
# Visual Studio 15
VisualStudioVersion = 15.0.28307.902
MinimumVisualStudioVersion = 10.0.40219.1
Project("{FAE04EC0-301F-11D3-BF4B-00C04F79EFBC}") = "view", "view\view.csproj", "{7DE0C35C-AD15-4448-AA26-E538FBB2A6EF}"
EndProject
Project("{FAE04EC0-301F-11D3-BF4B-00C04F79EFBC}") = "model", "model\model.csproj", "{6DD71154-762A-49E1-BC5C-DA200F624AA0}"
EndProject
Project("{FAE04EC0-301F-11D3-BF4B-00C04F79EFBC}") = "test", "test\test.csproj", "{DED128D6-472E-4113-9424-C4307E37676E}"
EndProject
Global
	GlobalSection(SolutionConfigurationPlatforms) = preSolution
		Debug|Any CPU = Debug|Any CPU
		Release|Any CPU = Release|Any CPU
	EndGlobalSection
	GlobalSection(ProjectConfigurationPlatforms) = postSolution
		{7DE0C35C-AD15-4448-AA26-E538FBB2A6EF}.Debug|Any CPU.ActiveCfg = Debug|Any CPU
		{7DE0C35C-AD15-4448-AA26-E538FBB2A6EF}.Debug|Any CPU.Build.0 = Debug|Any CPU
		{7DE0C35C-AD15-4448-AA26-E538FBB2A6EF}.Release|Any CPU.ActiveCfg = Release|Any CPU
		{7DE0C35C-AD15-4448-AA26-E538FBB2A6EF}.Release|Any CPU.Build.0 = Release|Any CPU
		{6DD71154-762A-49E1-BC5C-DA200F624AA0}.Debug|Any CPU.ActiveCfg = Debug|Any CPU
		{6DD71154-762A-49E1-BC5C-DA200F624AA0}.Debug|Any CPU.Build.0 = Debug|Any CPU
		{6DD71154-762A-49E1-BC5C-DA200F624AA0}.Release|Any CPU.ActiveCfg = Release|Any CPU
		{6DD71154-762A-49E1-BC5C-DA200F624AA0}.Release|Any CPU.Build.0 = Release|Any CPU
		{DED128D6-472E-4113-9424-C4307E37676E}.Debug|Any CPU.ActiveCfg = Debug|Any CPU
		{DED128D6-472E-4113-9424-C4307E37676E}.Debug|Any CPU.Build.0 = Debug|Any CPU
		{DED128D6-472E-4113-9424-C4307E37676E}.Release|Any CPU.ActiveCfg = Release|Any CPU
		{DED128D6-472E-4113-9424-C4307E37676E}.Release|Any CPU.Build.0 = Release|Any CPU
	EndGlobalSection
	GlobalSection(SolutionProperties) = preSolution
		HideSolutionNode = FALSE
	EndGlobalSection
	GlobalSection(ExtensibilityGlobals) = postSolution
		SolutionGuid = {2B2FA8DA-A586-42A6-B10B-BF38F5A35B01}
	EndGlobalSection
EndGlobal
